# DO NOT EDIT MANUALLY - Managed by Fern Replay
version: "1.0"
generations:
  - commit_sha: 9a7ffc40f99d31acc47103a3136fee31b7dcf241
    tree_hash: b89036642ace4318f84eb2b7a572aaea0d3dac55
    timestamp: 2026-09-23T07:53:41.113Z
    cli_version: unknown
    generator_versions: {}
current_generation: 9a7ffc40f99d31acc47103a3136fee31b7dcf241
patches: []
